{
    "_meta": {
        "hash": {
            "sha256": "8fc9c8442595cc310a4728383465d9cef1059170a9b3f4e8d6652e6fe603c2cf"
        },
        "pipfile-spec": 6,
        "requires": {
            "python_version": "3.8"
        },
        "sources": [
            {
                "name": "pypi",
                "url": "https://pypi.org/simple",
                "verify_ssl": true
            }
        ]
    },
    "default": {
        "dnspython": {
            "hashes": [
                "sha256:95d12f6ef0317118d2a1a6fc49aac65ffec7eb8087474158f42f26a639135216",
                "sha256:e4a87f0b573201a0f3727fa18a516b055fd1107e0e5477cded4a2de497df1dd4"
            ],
            "markers": "python_version >= '3.6'",
            "version": "==2.1.0"
        },
        "email-validator": {
            "hashes": [
                "sha256:5675c8ceb7106a37e40e2698a57c056756bf3f272cfa8682a4f87ebd95d8440b",
                "sha256:aa237a65f6f4da067119b7df3f13e89c25c051327b2b5b66dc075f33d62480d7"
            ],
            "index": "pypi",
            "version": "==1.1.3"
        },
        "idna": {
            "hashes": [
                "sha256:14475042e284991034cb48e06f6851428fb14c4dc953acd9be9a5e95c7b6dd7a",
                "sha256:467fbad99067910785144ce333826c71fb0e63a425657295239737f7ecd125f3"
            ],
            "markers": "python_version >= '3.5'",
            "version": "==3.2"
        }
    },
    "develop": {}
}
